
Microsoft Visual Studio Solution File, Format Version 12.00
# Visual Studio 15
VisualStudioVersion = 15.0.27703.2000
MinimumVisualStudioVersion = 10.0.40219.1
Project("{FAE04EC0-301F-11D3-BF4B-00C04F79EFBC}") = "RailWaveTrack.Android", "RailWaveTrack\RailWaveTrack.Android\RailWaveTrack.Android.csproj", "{6B715D79-7136-4635-B575-B07D9F5B586C}"
EndProject
Project("{FAE04EC0-301F-11D3-BF4B-00C04F79EFBC}") = "RailWaveTrack.iOS", "RailWaveTrack\RailWaveTrack.iOS\RailWaveTrack.iOS.csproj", "{0CD6567B-6187-4177-854D-6D91E58307CF}"
EndProject
Project("{FAE04EC0-301F-11D3-BF4B-00C04F79EFBC}") = "RailWaveTrack.UWP", "RailWaveTrack\RailWaveTrack.UWP\RailWaveTrack.UWP.csproj", "{3F29FBE3-4B78-4445-9B62-43264CC2B4F9}"
EndProject
Project("{9A19103F-16F7-4668-BE54-9A1E7A4F7556}") = "RailWaveTrack", "RailWaveTrack\RailWaveTrack\RailWaveTrack.csproj", "{A84BA30F-6DE5-4910-A24B-D039FDDE2F2B}"
EndProject
Global
	GlobalSection(SolutionConfigurationPlatforms) = preSolution
		Ad-Hoc|Any CPU = Ad-Hoc|Any CPU
		Ad-Hoc|ARM = Ad-Hoc|ARM
		Ad-Hoc|iPhone = Ad-Hoc|iPhone
		Ad-Hoc|iPhoneSimulator = Ad-Hoc|iPhoneSimulator
		Ad-Hoc|x64 = Ad-Hoc|x64
		Ad-Hoc|x86 = Ad-Hoc|x86
		AppStore|Any CPU = AppStore|Any CPU
		AppStore|ARM = AppStore|ARM
		AppStore|iPhone = AppStore|iPhone
		AppStore|iPhoneSimulator = AppStore|iPhoneSimulator
		AppStore|x64 = AppStore|x64
		AppStore|x86 = AppStore|x86
		Debug|Any CPU = Debug|Any CPU
		Debug|ARM = Debug|ARM
		Debug|iPhone = Debug|iPhone
		Debug|iPhoneSimulator = Debug|iPhoneSimulator
		Debug|x64 = Debug|x64
		Debug|x86 = Debug|x86
		Release|Any CPU = Release|Any CPU
		Release|ARM = Release|ARM
		Release|iPhone = Release|iPhone
		Release|iPhoneSimulator = Release|iPhoneSimulator
		Release|x64 = Release|x64
		Release|x86 = Release|x86
	EndGlobalSection
	GlobalSection(ProjectConfigurationPlatforms) = postSolution
		{6B715D79-7136-4635-B575-B07D9F5B586C}.Ad-Hoc|Any CPU.ActiveCfg = Release|Any CPU
		{6B715D79-7136-4635-B575-B07D9F5B586C}.Ad-Hoc|Any CPU.Build.0 = Release|Any CPU
		{6B715D79-7136-4635-B575-B07D9F5B586C}.Ad-Hoc|Any CPU.Deploy.0 = Release|Any CPU
		{6B715D79-7136-4635-B575-B07D9F5B586C}.Ad-Hoc|ARM.ActiveCfg = Release|Any CPU
		{6B715D79-7136-4635-B575-B07D9F5B586C}.Ad-Hoc|ARM.Build.0 = Release|Any CPU
		{6B715D79-7136-4635-B575-B07D9F5B586C}.Ad-Hoc|ARM.Deploy.0 = Release|Any CPU
		{6B715D79-7136-4635-B575-B07D9F5B586C}.Ad-Hoc|iPhone.ActiveCfg = Release|Any CPU
		{6B715D79-7136-4635-B575-B07D9F5B586C}.Ad-Hoc|iPhone.Build.0 = Release|Any CPU
		{6B715D79-7136-4635-B575-B07D9F5B586C}.Ad-Hoc|iPhone.Deploy.0 = Release|Any CPU
		{6B715D79-7136-4635-B575-B07D9F5B586C}.Ad-Hoc|iPhoneSimulator.ActiveCfg = Release|Any CPU
		{6B715D79-7136-4635-B575-B07D9F5B586C}.Ad-Hoc|iPhoneSimulator.Build.0 = Release|Any CPU
		{6B715D79-7136-4635-B575-B07D9F5B586C}.Ad-Hoc|iPhoneSimulator.Deploy.0 = Release|Any CPU
		{6B715D79-7136-4635-B575-B07D9F5B586C}.Ad-Hoc|x64.ActiveCfg = Release|Any CPU
		{6B715D79-7136-4635-B575-B07D9F5B586C}.Ad-Hoc|x64.Build.0 = Release|Any CPU
		{6B715D79-7136-4635-B575-B07D9F5B586C}.Ad-Hoc|x64.Deploy.0 = Release|Any CPU
		{6B715D79-7136-4635-B575-B07D9F5B586C}.Ad-Hoc|x86.ActiveCfg = Release|Any CPU
		{6B715D79-7136-4635-B575-B07D9F5B586C}.Ad-Hoc|x86.Build.0 = Release|Any CPU
		{6B715D79-7136-4635-B575-B07D9F5B586C}.Ad-Hoc|x86.Deploy.0 = Release|Any CPU
		{6B715D79-7136-4635-B575-B07D9F5B586C}.AppStore|Any CPU.ActiveCfg = Release|Any CPU
		{6B715D79-7136-4635-B575-B07D9F5B586C}.AppStore|Any CPU.Build.0 = Release|Any CPU
		{6B715D79-7136-4635-B575-B07D9F5B586C}.AppStore|Any CPU.Deploy.0 = Release|Any CPU
		{6B715D79-7136-4635-B575-B07D9F5B586C}.AppStore|ARM.ActiveCfg = Release|Any CPU
		{6B715D79-7136-4635-B575-B07D9F5B586C}.AppStore|ARM.Build.0 = Release|Any CPU
		{6B715D79-7136-4635-B575-B07D9F5B586C}.AppStore|ARM.Deploy.0 = Release|Any CPU
		{6B715D79-7136-4635-B575-B07D9F5B586C}.AppStore|iPhone.ActiveCfg = Release|Any CPU
		{6B715D79-7136-4635-B575-B07D9F5B586C}.AppStore|iPhone.Build.0 = Release|Any CPU
		{6B715D79-7136-4635-B575-B07D9F5B586C}.AppStore|iPhone.Deploy.0 = Release|Any CPU
		{6B715D79-7136-4635-B575-B07D9F5B586C}.AppStore|iPhoneSimulator.ActiveCfg = Release|Any CPU
		{6B715D79-7136-4635-B575-B07D9F5B586C}.AppStore|iPhoneSimulator.Build.0 = Release|Any CPU
		{6B715D79-7136-4635-B575-B07D9F5B586C}.AppStore|iPhoneSimulator.Deploy.0 = Release|Any CPU
		{6B715D79-7136-4635-B575-B07D9F5B586C}.AppStore|x64.ActiveCfg = Release|Any CPU
		{6B715D79-7136-4635-B575-B07D9F5B586C}.AppStore|x64.Build.0 = Release|Any CPU
		{6B715D79-7136-4635-B575-B07D9F5B586C}.AppStore|x64.Deploy.0 = Release|Any CPU
		{6B715D79-7136-4635-B575-B07D9F5B586C}.AppStore|x86.ActiveCfg = Release|Any CPU
		{6B715D79-7136-4635-B575-B07D9F5B586C}.AppStore|x86.Build.0 = Release|Any CPU
		{6B715D79-7136-4635-B575-B07D9F5B586C}.AppStore|x86.Deploy.0 = Release|Any CPU
		{6B715D79-7136-4635-B575-B07D9F5B586C}.Debug|Any CPU.ActiveCfg = Debug|Any CPU
		{6B715D79-7136-4635-B575-B07D9F5B586C}.Debug|Any CPU.Build.0 = Debug|Any CPU
		{6B715D79-7136-4635-B575-B07D9F5B586C}.Debug|Any CPU.Deploy.0 = Debug|Any CPU
		{6B715D79-7136-4635-B575-B07D9F5B586C}.Debug|ARM.ActiveCfg = Debug|Any CPU
		{6B715D79-7136-4635-B575-B07D9F5B586C}.Debug|ARM.Build.0 = Debug|Any CPU
		{6B715D79-7136-4635-B575-B07D9F5B586C}.Debug|ARM.Deploy.0 = Debug|Any CPU
		{6B715D79-7136-4635-B575-B07D9F5B586C}.Debug|iPhone.ActiveCfg = Debug|Any CPU
		{6B715D79-7136-4635-B575-B07D9F5B586C}.Debug|iPhone.Build.0 = Debug|Any CPU
		{6B715D79-7136-4635-B575-B07D9F5B586C}.Debug|iPhone.Deploy.0 = Debug|Any CPU
		{6B715D79-7136-4635-B575-B07D9F5B586C}.Debug|iPhoneSimulator.ActiveCfg = Debug|Any CPU
		{6B715D79-7136-4635-B575-B07D9F5B586C}.Debug|iPhoneSimulator.Build.0 = Debug|Any CPU
		{6B715D79-7136-4635-B575-B07D9F5B586C}.Debug|iPhoneSimulator.Deploy.0 = Debug|Any CPU
		{6B715D79-7136-4635-B575-B07D9F5B586C}.Debug|x64.ActiveCfg = Debug|Any CPU
		{6B715D79-7136-4635-B575-B07D9F5B586C}.Debug|x64.Build.0 = Debug|Any CPU
		{6B715D79-7136-4635-B575-B07D9F5B586C}.Debug|x64.Deploy.0 = Debug|Any CPU
		{6B715D79-7136-4635-B575-B07D9F5B586C}.Debug|x86.ActiveCfg = Debug|Any CPU
		{6B715D79-7136-4635-B575-B07D9F5B586C}.Debug|x86.Build.0 = Debug|Any CPU
		{6B715D79-7136-4635-B575-B07D9F5B586C}.Debug|x86.Deploy.0 = Debug|Any CPU
		{6B715D79-7136-4635-B575-B07D9F5B586C}.Release|Any CPU.ActiveCfg = Release|Any CPU
		{6B715D79-7136-4635-B575-B07D9F5B586C}.Release|Any CPU.Build.0 = Release|Any CPU
		{6B715D79-7136-4635-B575-B07D9F5B586C}.Release|Any CPU.Deploy.0 = Release|Any CPU
		{6B715D79-7136-4635-B575-B07D9F5B586C}.Release|ARM.ActiveCfg = Release|Any CPU
		{6B715D79-7136-4635-B575-B07D9F5B586C}.Release|ARM.Build.0 = Release|Any CPU
		{6B715D79-7136-4635-B575-B07D9F5B586C}.Release|ARM.Deploy.0 = Release|Any CPU
		{6B715D79-7136-4635-B575-B07D9F5B586C}.Release|iPhone.ActiveCfg = Release|Any CPU
		{6B715D79-7136-4635-B575-B07D9F5B586C}.Release|iPhone.Build.0 = Release|Any CPU
		{6B715D79-7136-4635-B575-B07D9F5B586C}.Release|iPhone.Deploy.0 = Release|Any CPU
		{6B715D79-7136-4635-B575-B07D9F5B586C}.Release|iPhoneSimulator.ActiveCfg = Release|Any CPU
		{6B715D79-7136-4635-B575-B07D9F5B586C}.Release|iPhoneSimulator.Build.0 = Release|Any CPU
		{6B715D79-7136-4635-B575-B07D9F5B586C}.Release|iPhoneSimulator.Deploy.0 = Release|Any CPU
		{6B715D79-7136-4635-B575-B07D9F5B586C}.Release|x64.ActiveCfg = Release|Any CPU
		{6B715D79-7136-4635-B575-B07D9F5B586C}.Release|x64.Build.0 = Release|Any CPU
		{6B715D79-7136-4635-B575-B07D9F5B586C}.Release|x64.Deploy.0 = Release|Any CPU
		{6B715D79-7136-4635-B575-B07D9F5B586C}.Release|x86.ActiveCfg = Release|Any CPU
		{6B715D79-7136-4635-B575-B07D9F5B586C}.Release|x86.Build.0 = Release|Any CPU
		{6B715D79-7136-4635-B575-B07D9F5B586C}.Release|x86.Deploy.0 = Release|Any CPU
		{0CD6567B-6187-4177-854D-6D91E58307CF}.Ad-Hoc|Any CPU.ActiveCfg = Ad-Hoc|iPhone
		{0CD6567B-6187-4177-854D-6D91E58307CF}.Ad-Hoc|Any CPU.Build.0 = Ad-Hoc|iPhone
		{0CD6567B-6187-4177-854D-6D91E58307CF}.Ad-Hoc|Any CPU.Deploy.0 = Ad-Hoc|iPhone
		{0CD6567B-6187-4177-854D-6D91E58307CF}.Ad-Hoc|ARM.ActiveCfg = Ad-Hoc|iPhone
		{0CD6567B-6187-4177-854D-6D91E58307CF}.Ad-Hoc|ARM.Build.0 = Ad-Hoc|iPhone
		{0CD6567B-6187-4177-854D-6D91E58307CF}.Ad-Hoc|ARM.Deploy.0 = Ad-Hoc|iPhone
		{0CD6567B-6187-4177-854D-6D91E58307CF}.Ad-Hoc|iPhone.ActiveCfg = Ad-Hoc|iPhone
		{0CD6567B-6187-4177-854D-6D91E58307CF}.Ad-Hoc|iPhone.Build.0 = Ad-Hoc|iPhone
		{0CD6567B-6187-4177-854D-6D91E58307CF}.Ad-Hoc|iPhone.Deploy.0 = Ad-Hoc|iPhone
		{0CD6567B-6187-4177-854D-6D91E58307CF}.Ad-Hoc|iPhoneSimulator.ActiveCfg = Ad-Hoc|iPhoneSimulator
		{0CD6567B-6187-4177-854D-6D91E58307CF}.Ad-Hoc|iPhoneSimulator.Build.0 = Ad-Hoc|iPhoneSimulator
		{0CD6567B-6187-4177-854D-6D91E58307CF}.Ad-Hoc|iPhoneSimulator.Deploy.0 = Ad-Hoc|iPhoneSimulator
		{0CD6567B-6187-4177-854D-6D91E58307CF}.Ad-Hoc|x64.ActiveCfg = Ad-Hoc|iPhone
		{0CD6567B-6187-4177-854D-6D91E58307CF}.Ad-Hoc|x64.Build.0 = Ad-Hoc|iPhone
		{0CD6567B-6187-4177-854D-6D91E58307CF}.Ad-Hoc|x64.Deploy.0 = Ad-Hoc|iPhone
		{0CD6567B-6187-4177-854D-6D91E58307CF}.Ad-Hoc|x86.ActiveCfg = Ad-Hoc|iPhone
		{0CD6567B-6187-4177-854D-6D91E58307CF}.Ad-Hoc|x86.Build.0 = Ad-Hoc|iPhone
		{0CD6567B-6187-4177-854D-6D91E58307CF}.Ad-Hoc|x86.Deploy.0 = Ad-Hoc|iPhone
		{0CD6567B-6187-4177-854D-6D91E58307CF}.AppStore|Any CPU.ActiveCfg = AppStore|iPhone
		{0CD6567B-6187-4177-854D-6D91E58307CF}.AppStore|Any CPU.Build.0 = AppStore|iPhone
		{0CD6567B-6187-4177-854D-6D91E58307CF}.AppStore|Any CPU.Deploy.0 = AppStore|iPhone
		{0CD6567B-6187-4177-854D-6D91E58307CF}.AppStore|ARM.ActiveCfg = AppStore|iPhone
		{0CD6567B-6187-4177-854D-6D91E58307CF}.AppStore|ARM.Build.0 = AppStore|iPhone
		{0CD6567B-6187-4177-854D-6D91E58307CF}.AppStore|ARM.Deploy.0 = AppStore|iPhone
		{0CD6567B-6187-4177-854D-6D91E58307CF}.AppStore|iPhone.ActiveCfg = AppStore|iPhone
		{0CD6567B-6187-4177-854D-6D91E58307CF}.AppStore|iPhone.Build.0 = AppStore|iPhone
		{0CD6567B-6187-4177-854D-6D91E58307CF}.AppStore|iPhone.Deploy.0 = AppStore|iPhone
		{0CD6567B-6187-4177-854D-6D91E58307CF}.AppStore|iPhoneSimulator.ActiveCfg = AppStore|iPhoneSimulator
		{0CD6567B-6187-4177-854D-6D91E58307CF}.AppStore|iPhoneSimulator.Build.0 = AppStore|iPhoneSimulator
		{0CD6567B-6187-4177-854D-6D91E58307CF}.AppStore|iPhoneSimulator.Deploy.0 = AppStore|iPhoneSimulator
		{0CD6567B-6187-4177-854D-6D91E58307CF}.AppStore|x64.ActiveCfg = AppStore|iPhone
		{0CD6567B-6187-4177-854D-6D91E58307CF}.AppStore|x64.Build.0 = AppStore|iPhone
		{0CD6567B-6187-4177-854D-6D91E58307CF}.AppStore|x64.Deploy.0 = AppStore|iPhone
		{0CD6567B-6187-4177-854D-6D91E58307CF}.AppStore|x86.ActiveCfg = AppStore|iPhone
		{0CD6567B-6187-4177-854D-6D91E58307CF}.AppStore|x86.Build.0 = AppStore|iPhone
		{0CD6567B-6187-4177-854D-6D91E58307CF}.AppStore|x86.Deploy.0 = AppStore|iPhone
		{0CD6567B-6187-4177-854D-6D91E58307CF}.Debug|Any CPU.ActiveCfg = Debug|iPhoneSimulator
		{0CD6567B-6187-4177-854D-6D91E58307CF}.Debug|Any CPU.Build.0 = Debug|iPhoneSimulator
		{0CD6567B-6187-4177-854D-6D91E58307CF}.Debug|Any CPU.Deploy.0 = Debug|iPhoneSimulator
		{0CD6567B-6187-4177-854D-6D91E58307CF}.Debug|ARM.ActiveCfg = Debug|iPhone
		{0CD6567B-6187-4177-854D-6D91E58307CF}.Debug|ARM.Build.0 = Debug|iPhone
		{0CD6567B-6187-4177-854D-6D91E58307CF}.Debug|ARM.Deploy.0 = Debug|iPhone
		{0CD6567B-6187-4177-854D-6D91E58307CF}.Debug|iPhone.ActiveCfg = Debug|iPhone
		{0CD6567B-6187-4177-854D-6D91E58307CF}.Debug|iPhone.Build.0 = Debug|iPhone
		{0CD6567B-6187-4177-854D-6D91E58307CF}.Debug|iPhone.Deploy.0 = Debug|iPhone
		{0CD6567B-6187-4177-854D-6D91E58307CF}.Debug|iPhoneSimulator.ActiveCfg = Debug|iPhoneSimulator
		{0CD6567B-6187-4177-854D-6D91E58307CF}.Debug|iPhoneSimulator.Build.0 = Debug|iPhoneSimulator
		{0CD6567B-6187-4177-854D-6D91E58307CF}.Debug|iPhoneSimulator.Deploy.0 = Debug|iPhoneSimulator
		{0CD6567B-6187-4177-854D-6D91E58307CF}.Debug|x64.ActiveCfg = Debug|iPhone
		{0CD6567B-6187-4177-854D-6D91E58307CF}.Debug|x64.Build.0 = Debug|iPhone
		{0CD6567B-6187-4177-854D-6D91E58307CF}.Debug|x64.Deploy.0 = Debug|iPhone
		{0CD6567B-6187-4177-854D-6D91E58307CF}.Debug|x86.ActiveCfg = Debug|iPhone
		{0CD6567B-6187-4177-854D-6D91E58307CF}.Debug|x86.Build.0 = Debug|iPhone
		{0CD6567B-6187-4177-854D-6D91E58307CF}.Debug|x86.Deploy.0 = Debug|iPhone
		{0CD6567B-6187-4177-854D-6D91E58307CF}.Release|Any CPU.ActiveCfg = Release|iPhone
		{0CD6567B-6187-4177-854D-6D91E58307CF}.Release|Any CPU.Build.0 = Release|iPhone
		{0CD6567B-6187-4177-854D-6D91E58307CF}.Release|Any CPU.Deploy.0 = Release|iPhone
		{0CD6567B-6187-4177-854D-6D91E58307CF}.Release|ARM.ActiveCfg = Release|iPhone
		{0CD6567B-6187-4177-854D-6D91E58307CF}.Release|ARM.Build.0 = Release|iPhone
		{0CD6567B-6187-4177-854D-6D91E58307CF}.Release|ARM.Deploy.0 = Release|iPhone
		{0CD6567B-6187-4177-854D-6D91E58307CF}.Release|iPhone.ActiveCfg = Release|iPhone
		{0CD6567B-6187-4177-854D-6D91E58307CF}.Release|iPhone.Build.0 = Release|iPhone
		{0CD6567B-6187-4177-854D-6D91E58307CF}.Release|iPhone.Deploy.0 = Release|iPhone
		{0CD6567B-6187-4177-854D-6D91E58307CF}.Release|iPhoneSimulator.ActiveCfg = Release|iPhoneSimulator
		{0CD6567B-6187-4177-854D-6D91E58307CF}.Release|iPhoneSimulator.Build.0 = Release|iPhoneSimulator
		{0CD6567B-6187-4177-854D-6D91E58307CF}.Release|iPhoneSimulator.Deploy.0 = Release|iPhoneSimulator
		{0CD6567B-6187-4177-854D-6D91E58307CF}.Release|x64.ActiveCfg = Release|iPhone
		{0CD6567B-6187-4177-854D-6D91E58307CF}.Release|x64.Build.0 = Release|iPhone
		{0CD6567B-6187-4177-854D-6D91E58307CF}.Release|x64.Deploy.0 = Release|iPhone
		{0CD6567B-6187-4177-854D-6D91E58307CF}.Release|x86.ActiveCfg = Release|iPhone
		{0CD6567B-6187-4177-854D-6D91E58307CF}.Release|x86.Build.0 = Release|iPhone
		{0CD6567B-6187-4177-854D-6D91E58307CF}.Release|x86.Deploy.0 = Release|iPhone
		{3F29FBE3-4B78-4445-9B62-43264CC2B4F9}.Ad-Hoc|Any CPU.ActiveCfg = Release|x86
		{3F29FBE3-4B78-4445-9B62-43264CC2B4F9}.Ad-Hoc|Any CPU.Build.0 = Release|x86
		{3F29FBE3-4B78-4445-9B62-43264CC2B4F9}.Ad-Hoc|Any CPU.Deploy.0 = Release|x86
		{3F29FBE3-4B78-4445-9B62-43264CC2B4F9}.Ad-Hoc|ARM.ActiveCfg = Release|ARM
		{3F29FBE3-4B78-4445-9B62-43264CC2B4F9}.Ad-Hoc|ARM.Build.0 = Release|ARM
		{3F29FBE3-4B78-4445-9B62-43264CC2B4F9}.Ad-Hoc|ARM.Deploy.0 = Release|ARM
		{3F29FBE3-4B78-4445-9B62-43264CC2B4F9}.Ad-Hoc|iPhone.ActiveCfg = Release|x86
		{3F29FBE3-4B78-4445-9B62-43264CC2B4F9}.Ad-Hoc|iPhone.Build.0 = Release|x86
		{3F29FBE3-4B78-4445-9B62-43264CC2B4F9}.Ad-Hoc|iPhone.Deploy.0 = Release|x86
		{3F29FBE3-4B78-4445-9B62-43264CC2B4F9}.Ad-Hoc|iPhoneSimulator.ActiveCfg = Release|x86
		{3F29FBE3-4B78-4445-9B62-43264CC2B4F9}.Ad-Hoc|iPhoneSimulator.Build.0 = Release|x86
		{3F29FBE3-4B78-4445-9B62-43264CC2B4F9}.Ad-Hoc|iPhoneSimulator.Deploy.0 = Release|x86
		{3F29FBE3-4B78-4445-9B62-43264CC2B4F9}.Ad-Hoc|x64.ActiveCfg = Release|x64
		{3F29FBE3-4B78-4445-9B62-43264CC2B4F9}.Ad-Hoc|x64.Build.0 = Release|x64
		{3F29FBE3-4B78-4445-9B62-43264CC2B4F9}.Ad-Hoc|x64.Deploy.0 = Release|x64
		{3F29FBE3-4B78-4445-9B62-43264CC2B4F9}.Ad-Hoc|x86.ActiveCfg = Release|x86
		{3F29FBE3-4B78-4445-9B62-43264CC2B4F9}.Ad-Hoc|x86.Build.0 = Release|x86
		{3F29FBE3-4B78-4445-9B62-43264CC2B4F9}.Ad-Hoc|x86.Deploy.0 = Release|x86
		{3F29FBE3-4B78-4445-9B62-43264CC2B4F9}.AppStore|Any CPU.ActiveCfg = Release|x86
		{3F29FBE3-4B78-4445-9B62-43264CC2B4F9}.AppStore|Any CPU.Build.0 = Release|x86
		{3F29FBE3-4B78-4445-9B62-43264CC2B4F9}.AppStore|Any CPU.Deploy.0 = Release|x86
		{3F29FBE3-4B78-4445-9B62-43264CC2B4F9}.AppStore|ARM.ActiveCfg = Release|ARM
		{3F29FBE3-4B78-4445-9B62-43264CC2B4F9}.AppStore|ARM.Build.0 = Release|ARM
		{3F29FBE3-4B78-4445-9B62-43264CC2B4F9}.AppStore|ARM.Deploy.0 = Release|ARM
		{3F29FBE3-4B78-4445-9B62-43264CC2B4F9}.AppStore|iPhone.ActiveCfg = Release|x86
		{3F29FBE3-4B78-4445-9B62-43264CC2B4F9}.AppStore|iPhone.Build.0 = Release|x86
		{3F29FBE3-4B78-4445-9B62-43264CC2B4F9}.AppStore|iPhone.Deploy.0 = Release|x86
		{3F29FBE3-4B78-4445-9B62-43264CC2B4F9}.AppStore|iPhoneSimulator.ActiveCfg = Release|x86
		{3F29FBE3-4B78-4445-9B62-43264CC2B4F9}.AppStore|iPhoneSimulator.Build.0 = Release|x86
		{3F29FBE3-4B78-4445-9B62-43264CC2B4F9}.AppStore|iPhoneSimulator.Deploy.0 = Release|x86
		{3F29FBE3-4B78-4445-9B62-43264CC2B4F9}.AppStore|x64.ActiveCfg = Release|x64
		{3F29FBE3-4B78-4445-9B62-43264CC2B4F9}.AppStore|x64.Build.0 = Release|x64
		{3F29FBE3-4B78-4445-9B62-43264CC2B4F9}.AppStore|x64.Deploy.0 = Release|x64
		{3F29FBE3-4B78-4445-9B62-43264CC2B4F9}.AppStore|x86.ActiveCfg = Release|x86
		{3F29FBE3-4B78-4445-9B62-43264CC2B4F9}.AppStore|x86.Build.0 = Release|x86
		{3F29FBE3-4B78-4445-9B62-43264CC2B4F9}.AppStore|x86.Deploy.0 = Release|x86
		{3F29FBE3-4B78-4445-9B62-43264CC2B4F9}.Debug|Any CPU.ActiveCfg = Debug|x86
		{3F29FBE3-4B78-4445-9B62-43264CC2B4F9}.Debug|Any CPU.Build.0 = Debug|x86
		{3F29FBE3-4B78-4445-9B62-43264CC2B4F9}.Debug|Any CPU.Deploy.0 = Debug|x86
		{3F29FBE3-4B78-4445-9B62-43264CC2B4F9}.Debug|ARM.ActiveCfg = Debug|ARM
		{3F29FBE3-4B78-4445-9B62-43264CC2B4F9}.Debug|ARM.Build.0 = Debug|ARM
		{3F29FBE3-4B78-4445-9B62-43264CC2B4F9}.Debug|ARM.Deploy.0 = Debug|ARM
		{3F29FBE3-4B78-4445-9B62-43264CC2B4F9}.Debug|iPhone.ActiveCfg = Debug|x86
		{3F29FBE3-4B78-4445-9B62-43264CC2B4F9}.Debug|iPhone.Build.0 = Debug|x86
		{3F29FBE3-4B78-4445-9B62-43264CC2B4F9}.Debug|iPhone.Deploy.0 = Debug|x86
		{3F29FBE3-4B78-4445-9B62-43264CC2B4F9}.Debug|iPhoneSimulator.ActiveCfg = Debug|x86
		{3F29FBE3-4B78-4445-9B62-43264CC2B4F9}.Debug|iPhoneSimulator.Build.0 = Debug|x86
		{3F29FBE3-4B78-4445-9B62-43264CC2B4F9}.Debug|iPhoneSimulator.Deploy.0 = Debug|x86
		{3F29FBE3-4B78-4445-9B62-43264CC2B4F9}.Debug|x64.ActiveCfg = Debug|x64
		{3F29FBE3-4B78-4445-9B62-43264CC2B4F9}.Debug|x64.Build.0 = Debug|x64
		{3F29FBE3-4B78-4445-9B62-43264CC2B4F9}.Debug|x64.Deploy.0 = Debug|x64
		{3F29FBE3-4B78-4445-9B62-43264CC2B4F9}.Debug|x86.ActiveCfg = Debug|x86
		{3F29FBE3-4B78-4445-9B62-43264CC2B4F9}.Debug|x86.Build.0 = Debug|x86
		{3F29FBE3-4B78-4445-9B62-43264CC2B4F9}.Debug|x86.Deploy.0 = Debug|x86
		{3F29FBE3-4B78-4445-9B62-43264CC2B4F9}.Release|Any CPU.ActiveCfg = Release|x86
		{3F29FBE3-4B78-4445-9B62-43264CC2B4F9}.Release|Any CPU.Build.0 = Release|x86
		{3F29FBE3-4B78-4445-9B62-43264CC2B4F9}.Release|Any CPU.Deploy.0 = Release|x86
		{3F29FBE3-4B78-4445-9B62-43264CC2B4F9}.Release|ARM.ActiveCfg = Release|ARM
		{3F29FBE3-4B78-4445-9B62-43264CC2B4F9}.Release|ARM.Build.0 = Release|ARM
		{3F29FBE3-4B78-4445-9B62-43264CC2B4F9}.Release|ARM.Deploy.0 = Release|ARM
		{3F29FBE3-4B78-4445-9B62-43264CC2B4F9}.Release|iPhone.ActiveCfg = Release|x86
		{3F29FBE3-4B78-4445-9B62-43264CC2B4F9}.Release|iPhone.Build.0 = Release|x86
		{3F29FBE3-4B78-4445-9B62-43264CC2B4F9}.Release|iPhone.Deploy.0 = Release|x86
		{3F29FBE3-4B78-4445-9B62-43264CC2B4F9}.Release|iPhoneSimulator.ActiveCfg = Release|x86
		{3F29FBE3-4B78-4445-9B62-43264CC2B4F9}.Release|iPhoneSimulator.Build.0 = Release|x86
		{3F29FBE3-4B78-4445-9B62-43264CC2B4F9}.Release|iPhoneSimulator.Deploy.0 = Release|x86
		{3F29FBE3-4B78-4445-9B62-43264CC2B4F9}.Release|x64.ActiveCfg = Release|x64
		{3F29FBE3-4B78-4445-9B62-43264CC2B4F9}.Release|x64.Build.0 = Release|x64
		{3F29FBE3-4B78-4445-9B62-43264CC2B4F9}.Release|x64.Deploy.0 = Release|x64
		{3F29FBE3-4B78-4445-9B62-43264CC2B4F9}.Release|x86.ActiveCfg = Release|x86
		{3F29FBE3-4B78-4445-9B62-43264CC2B4F9}.Release|x86.Build.0 = Release|x86
		{3F29FBE3-4B78-4445-9B62-43264CC2B4F9}.Release|x86.Deploy.0 = Release|x86
		{A84BA30F-6DE5-4910-A24B-D039FDDE2F2B}.Ad-Hoc|Any CPU.ActiveCfg = Debug|Any CPU
		{A84BA30F-6DE5-4910-A24B-D039FDDE2F2B}.Ad-Hoc|Any CPU.Build.0 = Debug|Any CPU
		{A84BA30F-6DE5-4910-A24B-D039FDDE2F2B}.Ad-Hoc|Any CPU.Deploy.0 = Debug|Any CPU
		{A84BA30F-6DE5-4910-A24B-D039FDDE2F2B}.Ad-Hoc|ARM.ActiveCfg = Debug|Any CPU
		{A84BA30F-6DE5-4910-A24B-D039FDDE2F2B}.Ad-Hoc|ARM.Build.0 = Debug|Any CPU
		{A84BA30F-6DE5-4910-A24B-D039FDDE2F2B}.Ad-Hoc|ARM.Deploy.0 = Debug|Any CPU
		{A84BA30F-6DE5-4910-A24B-D039FDDE2F2B}.Ad-Hoc|iPhone.ActiveCfg = Debug|Any CPU
		{A84BA30F-6DE5-4910-A24B-D039FDDE2F2B}.Ad-Hoc|iPhone.Build.0 = Debug|Any CPU
		{A84BA30F-6DE5-4910-A24B-D039FDDE2F2B}.Ad-Hoc|iPhone.Deploy.0 = Debug|Any CPU
		{A84BA30F-6DE5-4910-A24B-D039FDDE2F2B}.Ad-Hoc|iPhoneSimulator.ActiveCfg = Debug|Any CPU
		{A84BA30F-6DE5-4910-A24B-D039FDDE2F2B}.Ad-Hoc|iPhoneSimulator.Build.0 = Debug|Any CPU
		{A84BA30F-6DE5-4910-A24B-D039FDDE2F2B}.Ad-Hoc|iPhoneSimulator.Deploy.0 = Debug|Any CPU
		{A84BA30F-6DE5-4910-A24B-D039FDDE2F2B}.Ad-Hoc|x64.ActiveCfg = Debug|Any CPU
		{A84BA30F-6DE5-4910-A24B-D039FDDE2F2B}.Ad-Hoc|x64.Build.0 = Debug|Any CPU
		{A84BA30F-6DE5-4910-A24B-D039FDDE2F2B}.Ad-Hoc|x64.Deploy.0 = Debug|Any CPU
		{A84BA30F-6DE5-4910-A24B-D039FDDE2F2B}.Ad-Hoc|x86.ActiveCfg = Debug|Any CPU
		{A84BA30F-6DE5-4910-A24B-D039FDDE2F2B}.Ad-Hoc|x86.Build.0 = Debug|Any CPU
		{A84BA30F-6DE5-4910-A24B-D039FDDE2F2B}.Ad-Hoc|x86.Deploy.0 = Debug|Any CPU
		{A84BA30F-6DE5-4910-A24B-D039FDDE2F2B}.AppStore|Any CPU.ActiveCfg = Debug|Any CPU
		{A84BA30F-6DE5-4910-A24B-D039FDDE2F2B}.AppStore|Any CPU.Build.0 = Debug|Any CPU
		{A84BA30F-6DE5-4910-A24B-D039FDDE2F2B}.AppStore|Any CPU.Deploy.0 = Debug|Any CPU
		{A84BA30F-6DE5-4910-A24B-D039FDDE2F2B}.AppStore|ARM.ActiveCfg = Debug|Any CPU
		{A84BA30F-6DE5-4910-A24B-D039FDDE2F2B}.AppStore|ARM.Build.0 = Debug|Any CPU
		{A84BA30F-6DE5-4910-A24B-D039FDDE2F2B}.AppStore|ARM.Deploy.0 = Debug|Any CPU
		{A84BA30F-6DE5-4910-A24B-D039FDDE2F2B}.AppStore|iPhone.ActiveCfg = Debug|Any CPU
		{A84BA30F-6DE5-4910-A24B-D039FDDE2F2B}.AppStore|iPhone.Build.0 = Debug|Any CPU
		{A84BA30F-6DE5-4910-A24B-D039FDDE2F2B}.AppStore|iPhone.Deploy.0 = Debug|Any CPU
		{A84BA30F-6DE5-4910-A24B-D039FDDE2F2B}.AppStore|iPhoneSimulator.ActiveCfg = Debug|Any CPU
		{A84BA30F-6DE5-4910-A24B-D039FDDE2F2B}.AppStore|iPhoneSimulator.Build.0 = Debug|Any CPU
		{A84BA30F-6DE5-4910-A24B-D039FDDE2F2B}.AppStore|iPhoneSimulator.Deploy.0 = Debug|Any CPU
		{A84BA30F-6DE5-4910-A24B-D039FDDE2F2B}.AppStore|x64.ActiveCfg = Debug|Any CPU
		{A84BA30F-6DE5-4910-A24B-D039FDDE2F2B}.AppStore|x64.Build.0 = Debug|Any CPU
		{A84BA30F-6DE5-4910-A24B-D039FDDE2F2B}.AppStore|x64.Deploy.0 = Debug|Any CPU
		{A84BA30F-6DE5-4910-A24B-D039FDDE2F2B}.AppStore|x86.ActiveCfg = Debug|Any CPU
		{A84BA30F-6DE5-4910-A24B-D039FDDE2F2B}.AppStore|x86.Build.0 = Debug|Any CPU
		{A84BA30F-6DE5-4910-A24B-D039FDDE2F2B}.AppStore|x86.Deploy.0 = Debug|Any CPU
		{A84BA30F-6DE5-4910-A24B-D039FDDE2F2B}.Debug|Any CPU.ActiveCfg = Debug|Any CPU
		{A84BA30F-6DE5-4910-A24B-D039FDDE2F2B}.Debug|Any CPU.Build.0 = Debug|Any CPU
		{A84BA30F-6DE5-4910-A24B-D039FDDE2F2B}.Debug|Any CPU.Deploy.0 = Debug|Any CPU
		{A84BA30F-6DE5-4910-A24B-D039FDDE2F2B}.Debug|ARM.ActiveCfg = Debug|Any CPU
		{A84BA30F-6DE5-4910-A24B-D039FDDE2F2B}.Debug|ARM.Build.0 = Debug|Any CPU
		{A84BA30F-6DE5-4910-A24B-D039FDDE2F2B}.Debug|ARM.Deploy.0 = Debug|Any CPU
		{A84BA30F-6DE5-4910-A24B-D039FDDE2F2B}.Debug|iPhone.ActiveCfg = Debug|Any CPU
		{A84BA30F-6DE5-4910-A24B-D039FDDE2F2B}.Debug|iPhone.Build.0 = Debug|Any CPU
		{A84BA30F-6DE5-4910-A24B-D039FDDE2F2B}.Debug|iPhone.Deploy.0 = Debug|Any CPU
		{A84BA30F-6DE5-4910-A24B-D039FDDE2F2B}.Debug|iPhoneSimulator.ActiveCfg = Debug|Any CPU
		{A84BA30F-6DE5-4910-A24B-D039FDDE2F2B}.Debug|iPhoneSimulator.Build.0 = Debug|Any CPU
		{A84BA30F-6DE5-4910-A24B-D039FDDE2F2B}.Debug|iPhoneSimulator.Deploy.0 = Debug|Any CPU
		{A84BA30F-6DE5-4910-A24B-D039FDDE2F2B}.Debug|x64.ActiveCfg = Debug|Any CPU
		{A84BA30F-6DE5-4910-A24B-D039FDDE2F2B}.Debug|x64.Build.0 = Debug|Any CPU
		{A84BA30F-6DE5-4910-A24B-D039FDDE2F2B}.Debug|x64.Deploy.0 = Debug|Any CPU
		{A84BA30F-6DE5-4910-A24B-D039FDDE2F2B}.Debug|x86.ActiveCfg = Debug|Any CPU
		{A84BA30F-6DE5-4910-A24B-D039FDDE2F2B}.Debug|x86.Build.0 = Debug|Any CPU
		{A84BA30F-6DE5-4910-A24B-D039FDDE2F2B}.Debug|x86.Deploy.0 = Debug|Any CPU
		{A84BA30F-6DE5-4910-A24B-D039FDDE2F2B}.Release|Any CPU.ActiveCfg = Release|Any CPU
		{A84BA30F-6DE5-4910-A24B-D039FDDE2F2B}.Release|Any CPU.Build.0 = Release|Any CPU
		{A84BA30F-6DE5-4910-A24B-D039FDDE2F2B}.Release|Any CPU.Deploy.0 = Release|Any CPU
		{A84BA30F-6DE5-4910-A24B-D039FDDE2F2B}.Release|ARM.ActiveCfg = Release|Any CPU
		{A84BA30F-6DE5-4910-A24B-D039FDDE2F2B}.Release|ARM.Build.0 = Release|Any CPU
		{A84BA30F-6DE5-4910-A24B-D039FDDE2F2B}.Release|ARM.Deploy.0 = Release|Any CPU
		{A84BA30F-6DE5-4910-A24B-D039FDDE2F2B}.Release|iPhone.ActiveCfg = Release|Any CPU
		{A84BA30F-6DE5-4910-A24B-D039FDDE2F2B}.Release|iPhone.Build.0 = Release|Any CPU
		{A84BA30F-6DE5-4910-A24B-D039FDDE2F2B}.Release|iPhone.Deploy.0 = Release|Any CPU
		{A84BA30F-6DE5-4910-A24B-D039FDDE2F2B}.Release|iPhoneSimulator.ActiveCfg = Release|Any CPU
		{A84BA30F-6DE5-4910-A24B-D039FDDE2F2B}.Release|iPhoneSimulator.Build.0 = Release|Any CPU
		{A84BA30F-6DE5-4910-A24B-D039FDDE2F2B}.Release|iPhoneSimulator.Deploy.0 = Release|Any CPU
		{A84BA30F-6DE5-4910-A24B-D039FDDE2F2B}.Release|x64.ActiveCfg = Release|Any CPU
		{A84BA30F-6DE5-4910-A24B-D039FDDE2F2B}.Release|x64.Build.0 = Release|Any CPU
		{A84BA30F-6DE5-4910-A24B-D039FDDE2F2B}.Release|x64.Deploy.0 = Release|Any CPU
		{A84BA30F-6DE5-4910-A24B-D039FDDE2F2B}.Release|x86.ActiveCfg = Release|Any CPU
		{A84BA30F-6DE5-4910-A24B-D039FDDE2F2B}.Release|x86.Build.0 = Release|Any CPU
		{A84BA30F-6DE5-4910-A24B-D039FDDE2F2B}.Release|x86.Deploy.0 = Release|Any CPU
	EndGlobalSection
	GlobalSection(SolutionProperties) = preSolution
		HideSolutionNode = FALSE
	EndGlobalSection
	GlobalSection(ExtensibilityGlobals) = postSolution
		SolutionGuid = {30A0D124-587C-426F-B1EB-EDED957EA5A6}
	EndGlobalSection
EndGlobal
